
Microsoft Visual Studio Solution File, Format Version 12.00
# Visual Studio 15
VisualStudioVersion = 15.0.27703.2035
MinimumVisualStudioVersion = 10.0.40219.1
Project("{FAE04EC0-301F-11D3-BF4B-00C04F79EFBC}") = "SimpleJwt", "SimpleJwt\SimpleJwt.csproj", "{46395742-1FB4-43C9-A721-3F4C6C58956D}"
EndProject
Global
	GlobalSection(SolutionConfigurationPlatforms) = preSolution
		Debug|Any CPU = Debug|Any CPU
		Release|Any CPU = Release|Any CPU
	EndGlobalSection
	GlobalSection(ProjectConfigurationPlatforms) = postSolution
		{46395742-1FB4-43C9-A721-3F4C6C58956D}.Debug|Any CPU.ActiveCfg = Debug|Any CPU
		{46395742-1FB4-43C9-A721-3F4C6C58956D}.Debug|Any CPU.Build.0 = Debug|Any CPU
		{46395742-1FB4-43C9-A721-3F4C6C58956D}.Release|Any CPU.ActiveCfg = Release|Any CPU
		{46395742-1FB4-43C9-A721-3F4C6C58956D}.Release|Any CPU.Build.0 = Release|Any CPU
	EndGlobalSection
	GlobalSection(SolutionProperties) = preSolution
		HideSolutionNode = FALSE
	EndGlobalSection
	GlobalSection(ExtensibilityGlobals) = postSolution
		SolutionGuid = {3CA7F243-0A39-47F8-B890-02E2BE498FF1}
	EndGlobalSection
EndGlobal
